
Microsoft Visual Studio Solution File, Format Version 12.00
# Visual Studio Version 17
VisualStudioVersion = 17.11.35327.3
MinimumVisualStudioVersion = 10.0.40219.1
Project("{2150E333-8FDC-42A3-9474-1A3956D46DE8}") = "Asset", "Asset", "{B7DEAF7C-BB42-409B-8A2F-1C762E0F8E9D}"
EndProject
Project("{2150E333-8FDC-42A3-9474-1A3956D46DE8}") = "Images", "Images", "{C7B4C3D2-B154-4C21-B240-A45E6284A30A}"
EndProject
Global
	GlobalSection(SolutionProperties) = preSolution
		HideSolutionNode = FALSE
	EndGlobalSection
	GlobalSection(NestedProjects) = preSolution
		{C7B4C3D2-B154-4C21-B240-A45E6284A30A} = {B7DEAF7C-BB42-409B-8A2F-1C762E0F8E9D}
	EndGlobalSection
	GlobalSection(ExtensibilityGlobals) = postSolution
		SolutionGuid = {613A04E6-9F06-4BAD-98B5-37FBFF8A8A42}
	EndGlobalSection
EndGlobal
